{
  "name": "greeter-test-module",
  "version": "1.0.0",
  "lockfileVersion": 3,
  "requires": true,
  "packages": {
    "": {
      "name": "greeter-test-module",
      "version": "1.0.0",
      "license": "ISC",
      "dependencies": {
        "proof-of-contribution": "^1.0.0"
      }
    },
    "node_modules/proof-of-contribution": {
      "version": "1.0.0",
      "resolved": "https://registry.npmjs.org/proof-of-contribution/-/proof-of-contribution-1.0.0.tgz",
      "integrity": "sha512-84JripY5eiM0pxJ/sRkQXAhq5R5wJhXzkNc1sThdTA4AarGIi65+/JRdxbjo/vFit9C5ZbmLiZVLgbj77Ycceg=="
    }
  }
}
